
Microsoft Visual Studio Solution File, Format Version 12.00
# Visual Studio Version 17
VisualStudioVersion = 17.3.32819.101
MinimumVisualStudioVersion = 10.0.40219.1
Project("{9A19103F-16F7-4668-BE54-9A1E7A4F7556}") = "GraphQLTest", "GraphQLTest\GraphQLTest.csproj", "{974BE57E-3073-46E3-8713-0A763E89F9EE}"
EndProject
Project("{FAE04EC0-301F-11D3-BF4B-00C04F79EFBC}") = "Library", "Library\Library.csproj", "{19FAC9D6-F71D-40E0-94A2-029EBEDD8F96}"
EndProject
Global
	GlobalSection(SolutionConfigurationPlatforms) = preSolution
		Debug|Any CPU = Debug|Any CPU
		Release|Any CPU = Release|Any CPU
	EndGlobalSection
	GlobalSection(ProjectConfigurationPlatforms) = postSolution
		{974BE57E-3073-46E3-8713-0A763E89F9EE}.Debug|Any CPU.ActiveCfg = Debug|Any CPU
		{974BE57E-3073-46E3-8713-0A763E89F9EE}.Debug|Any CPU.Build.0 = Debug|Any CPU
		{974BE57E-3073-46E3-8713-0A763E89F9EE}.Release|Any CPU.ActiveCfg = Release|Any CPU
		{974BE57E-3073-46E3-8713-0A763E89F9EE}.Release|Any CPU.Build.0 = Release|Any CPU
		{19FAC9D6-F71D-40E0-94A2-029EBEDD8F96}.Debug|Any CPU.ActiveCfg = Debug|Any CPU
		{19FAC9D6-F71D-40E0-94A2-029EBEDD8F96}.Debug|Any CPU.Build.0 = Debug|Any CPU
		{19FAC9D6-F71D-40E0-94A2-029EBEDD8F96}.Release|Any CPU.ActiveCfg = Release|Any CPU
		{19FAC9D6-F71D-40E0-94A2-029EBEDD8F96}.Release|Any CPU.Build.0 = Release|Any CPU
	EndGlobalSection
	GlobalSection(SolutionProperties) = preSolution
		HideSolutionNode = FALSE
	EndGlobalSection
	GlobalSection(ExtensibilityGlobals) = postSolution
		SolutionGuid = {7E887DF3-14F9-4C58-A921-DC23CE130683}
	EndGlobalSection
EndGlobal
